
Microsoft Visual Studio Solution File, Format Version 12.00
# Visual Studio Version 17
VisualStudioVersion = 17.3.32714.290
MinimumVisualStudioVersion = 10.0.40219.1
Project("{9A19103F-16F7-4668-BE54-9A1E7A4F7556}") = "ThreedPassMiner", "ThreedPassMiner\ThreedPassMiner.csproj", "{0AA2601B-A481-4886-B347-168DE11CC24C}"
EndProject
Project("{9A19103F-16F7-4668-BE54-9A1E7A4F7556}") = "ThreeJs", "ThreeJs\ThreeJs.csproj", "{7B51EC25-2236-4D38-83EB-806FDD06C992}"
EndProject
Project("{9A19103F-16F7-4668-BE54-9A1E7A4F7556}") = "ThreedPassMinerDeamon", "ThreedPassMinerDeamon\ThreedPassMinerDeamon.csproj", "{D64CF672-ACB1-4541-8282-8810EABFE37F}"
EndProject
Global
	GlobalSection(SolutionConfigurationPlatforms) = preSolution
		Debug|Any CPU = Debug|Any CPU
		Release|Any CPU = Release|Any CPU
	EndGlobalSection
	GlobalSection(ProjectConfigurationPlatforms) = postSolution
		{0AA2601B-A481-4886-B347-168DE11CC24C}.Debug|Any CPU.ActiveCfg = Debug|Any CPU
		{0AA2601B-A481-4886-B347-168DE11CC24C}.Debug|Any CPU.Build.0 = Debug|Any CPU
		{0AA2601B-A481-4886-B347-168DE11CC24C}.Release|Any CPU.ActiveCfg = Release|Any CPU
		{0AA2601B-A481-4886-B347-168DE11CC24C}.Release|Any CPU.Build.0 = Release|Any CPU
		{7B51EC25-2236-4D38-83EB-806FDD06C992}.Debug|Any CPU.ActiveCfg = Debug|Any CPU
		{7B51EC25-2236-4D38-83EB-806FDD06C992}.Debug|Any CPU.Build.0 = Debug|Any CPU
		{7B51EC25-2236-4D38-83EB-806FDD06C992}.Release|Any CPU.ActiveCfg = Release|Any CPU
		{7B51EC25-2236-4D38-83EB-806FDD06C992}.Release|Any CPU.Build.0 = Release|Any CPU
		{D64CF672-ACB1-4541-8282-8810EABFE37F}.Debug|Any CPU.ActiveCfg = Debug|Any CPU
		{D64CF672-ACB1-4541-8282-8810EABFE37F}.Debug|Any CPU.Build.0 = Debug|Any CPU
		{D64CF672-ACB1-4541-8282-8810EABFE37F}.Release|Any CPU.ActiveCfg = Release|Any CPU
		{D64CF672-ACB1-4541-8282-8810EABFE37F}.Release|Any CPU.Build.0 = Release|Any CPU
	EndGlobalSection
	GlobalSection(SolutionProperties) = preSolution
		HideSolutionNode = FALSE
	EndGlobalSection
	GlobalSection(ExtensibilityGlobals) = postSolution
		SolutionGuid = {73970FF9-2A90-4528-B19F-221E1341B879}
	EndGlobalSection
EndGlobal
